
Microsoft Visual Studio Solution File, Format Version 12.00
# Visual Studio 2013
VisualStudioVersion = 12.0.40629.0
MinimumVisualStudioVersion = 10.0.40219.1
Project("{FAE04EC0-301F-11D3-BF4B-00C04F79EFBC}") = "One-BasicConcepts", "One-BasicConcepts\One-BasicConcepts.csproj", "{F058803E-1D35-420F-863F-B224038AC98E}"
EndProject
Project("{FAE04EC0-301F-11D3-BF4B-00C04F79EFBC}") = "Two-Task-Async-Await", "Two-Task-Async-Await\Two-Task-Async-Await.csproj", "{969AA37A-3E72-4A1D-8278-D71F5C70402D}"
EndProject
Global
	GlobalSection(SolutionConfigurationPlatforms) = preSolution
		Debug|Any CPU = Debug|Any CPU
		Release|Any CPU = Release|Any CPU
	EndGlobalSection
	GlobalSection(ProjectConfigurationPlatforms) = postSolution
		{F058803E-1D35-420F-863F-B224038AC98E}.Debug|Any CPU.ActiveCfg = Debug|Any CPU
		{F058803E-1D35-420F-863F-B224038AC98E}.Debug|Any CPU.Build.0 = Debug|Any CPU
		{F058803E-1D35-420F-863F-B224038AC98E}.Release|Any CPU.ActiveCfg = Release|Any CPU
		{F058803E-1D35-420F-863F-B224038AC98E}.Release|Any CPU.Build.0 = Release|Any CPU
		{969AA37A-3E72-4A1D-8278-D71F5C70402D}.Debug|Any CPU.ActiveCfg = Debug|Any CPU
		{969AA37A-3E72-4A1D-8278-D71F5C70402D}.Debug|Any CPU.Build.0 = Debug|Any CPU
		{969AA37A-3E72-4A1D-8278-D71F5C70402D}.Release|Any CPU.ActiveCfg = Release|Any CPU
		{969AA37A-3E72-4A1D-8278-D71F5C70402D}.Release|Any CPU.Build.0 = Release|Any CPU
	EndGlobalSection
	GlobalSection(SolutionProperties) = preSolution
		HideSolutionNode = FALSE
	EndGlobalSection
EndGlobal
